{
  "name": "frontend",
  "lockfileVersion": 3,
  "requires": true,
  "packages": {
    "": {
      "dependencies": {
        "@tanstack/query-sync-storage-persister": "^5.90.7",
        "@tanstack/react-query-persist-client": "^5.90.7",
        "@tiptap/extension-color": "^3.10.2",
        "@tiptap/extension-highlight": "^3.10.2",
        "@tiptap/extension-link": "^3.10.2",
        "@tiptap/extension-text-align": "^3.10.2",
        "@tiptap/extension-text-style": "^3.10.2"
      }
    },
    "node_modules/@tanstack/query-core": {
      "version": "5.90.5",
      "resolved": "https://registry.npmjs.org/@tanstack/query-core/-/query-core-5.90.5.tgz",
      "integrity": "sha512-wLamYp7FaDq6ZnNehypKI5fNvxHPfTYylE0m/ZpuuzJfJqhR5Pxg9gvGBHZx4n7J+V5Rg5mZxHHTlv25Zt5u+w==",
      "license": "MIT",
      "funding": {
        "type": "github",
        "url": "https://github.com/sponsors/tannerlinsley"
      }
    },
    "node_modules/@tanstack/query-persist-client-core": {
      "version": "5.91.4",
      "resolved": "https://registry.npmjs.org/@tanstack/query-persist-client-core/-/query-persist-client-core-5.91.4.tgz",
      "integrity": "sha512-HZ8kvAbhttLZKUO4ASHl49u7dQXzRVEogi7/6CCZ5BBItWh2hoEUqy9QHUS4ji7iZiuXe4jwTJNzq2VIuxlnsQ==",
      "license": "MIT",
      "dependencies": {
        "@tanstack/query-core": "5.90.5"
      },
      "funding": {
        "type": "github",
        "url": "https://github.com/sponsors/tannerlinsley"
      }
    },
    "node_modules/@tanstack/query-sync-storage-persister": {
      "version": "5.90.7",
      "resolved": "https://registry.npmjs.org/@tanstack/query-sync-storage-persister/-/query-sync-storage-persister-5.90.7.tgz",
      "integrity": "sha512-Go4QSOv0wz5RNaJR54wvCp5D+mVUBYidKTYj4zvUU8GGkLxL1E+yx0lBkGNvfRmFRjdgWrJb5XS+0Clc5tKzpQ==",
      "license": "MIT",
      "dependencies": {
        "@tanstack/query-core": "5.90.5",
        "@tanstack/query-persist-client-core": "5.91.4"
      },
      "funding": {
        "type": "github",
        "url": "https://github.com/sponsors/tannerlinsley"
      }
    },
    "node_modules/@tanstack/react-query-persist-client": {
      "version": "5.90.7",
      "resolved": "https://registry.npmjs.org/@tanstack/react-query-persist-client/-/react-query-persist-client-5.90.7.tgz",
      "integrity": "sha512-TlEzewa4YN51ZhbLZ9HzIBTY/b1K7xFJGSm1cUCE+tNnzSUwiLWhoD6H7EvgWb/KJePYDIJ3hGWLwQPdP86fmA==",
      "license": "MIT",
      "dependencies": {
        "@tanstack/query-persist-client-core": "5.91.4"
      },
      "funding": {
        "type": "github",
        "url": "https://github.com/sponsors/tannerlinsley"
      },
      "peerDependencies": {
        "@tanstack/react-query": "^5.90.5",
        "react": "^18 || ^19"
      }
    },
    "node_modules/@tiptap/extension-color": {
      "version": "3.10.2",
      "resolved": "https://registry.npmjs.org/@tiptap/extension-color/-/extension-color-3.10.2.tgz",
      "integrity": "sha512-RjytiIn6s68BB705yXtpqSC0KPndN/DOSrynXHEryRj+YsbDk2qm1bZVryuuOikQQewmPLG4jQpusKQPsia61Q==",
      "license": "MIT",
      "funding": {
        "type": "github",
        "url": "https://github.com/sponsors/ueberdosis"
      },
      "peerDependencies": {
        "@tiptap/extension-text-style": "^3.10.2"
      }
    },
    "node_modules/@tiptap/extension-highlight": {
      "version": "3.10.2",
      "resolved": "https://registry.npmjs.org/@tiptap/extension-highlight/-/extension-highlight-3.10.2.tgz",
      "integrity": "sha512-LGPzI+tQvDwDD609qasA7RzYS/vN4KiCgVQsI7vfAvwzZsqDGKumABdziHXTPB/mMTtyZ4LD6FIj9G9xEkk0qw==",
      "license": "MIT",
      "funding": {
        "type": "github",
        "url": "https://github.com/sponsors/ueberdosis"
      },
      "peerDependencies": {
        "@tiptap/core": "^3.10.2"
      }
    },
    "node_modules/@tiptap/extension-link": {
      "version": "3.10.2",
      "resolved": "https://registry.npmjs.org/@tiptap/extension-link/-/extension-link-3.10.2.tgz",
      "integrity": "sha512-c7ZvinwECBEn3IVI9XpUJKEwvrLtZDiEaYNAjBQgShF1EUCf7JVcNK9wcrFm/oDw9es1cq0yrKqsbBh/bvGO2Q==",
      "license": "MIT",
      "dependencies": {
        "linkifyjs": "^4.3.2"
      },
      "funding": {
        "type": "github",
        "url": "https://github.com/sponsors/ueberdosis"
      },
      "peerDependencies": {
        "@tiptap/core": "^3.10.2",
        "@tiptap/pm": "^3.10.2"
      }
    },
    "node_modules/@tiptap/extension-text-align": {
      "version": "3.10.2",
      "resolved": "https://registry.npmjs.org/@tiptap/extension-text-align/-/extension-text-align-3.10.2.tgz",
      "integrity": "sha512-PD7ZNuC1qr/dHcvYT8QwBDeCxXH6LzIbYIZ69/Aph0llXPCUf9N0UWKjy2gYHHXG1AfTr0iQ9vhPWF+YF3TWtg==",
      "license": "MIT",
      "funding": {
        "type": "github",
        "url": "https://github.com/sponsors/ueberdosis"
      },
      "peerDependencies": {
        "@tiptap/core": "^3.10.2"
      }
    },
    "node_modules/@tiptap/extension-text-style": {
      "version": "3.10.2",
      "resolved": "https://registry.npmjs.org/@tiptap/extension-text-style/-/extension-text-style-3.10.2.tgz",
      "integrity": "sha512-gcxr+T6AKjeNVr9SifO8lNFjfoeWRauQEGvD1P4FYRyDoWKRc5z3+uRYQyeMv/hEciVL+eBierGDpWZvh441Yg==",
      "license": "MIT",
      "funding": {
        "type": "github",
        "url": "https://github.com/sponsors/ueberdosis"
      },
      "peerDependencies": {
        "@tiptap/core": "^3.10.2"
      }
    },
    "node_modules/linkifyjs": {
      "version": "4.3.2",
      "resolved": "https://registry.npmjs.org/linkifyjs/-/linkifyjs-4.3.2.tgz",
      "integrity": "sha512-NT1CJtq3hHIreOianA8aSXn6Cw0JzYOuDQbOrSPe7gqFnCpKP++MQe3ODgO3oh2GJFORkAAdqredOa60z63GbA==",
      "license": "MIT"
    }
  }
}
