{
  "name": "frontend",
  "lockfileVersion": 3,
  "requires": true,
  "packages": {
    "": {
      "dependencies": {
        "@tanstack/query-sync-storage-persister": "^5.90.7",
        "@tanstack/react-query-persist-client": "^5.90.7"
      }
    },
    "node_modules/@tanstack/query-core": {
      "version": "5.90.5",
      "resolved": "https://registry.npmjs.org/@tanstack/query-core/-/query-core-5.90.5.tgz",
      "integrity": "sha512-wLamYp7FaDq6ZnNehypKI5fNvxHPfTYylE0m/ZpuuzJfJqhR5Pxg9gvGBHZx4n7J+V5Rg5mZxHHTlv25Zt5u+w==",
      "license": "MIT",
      "funding": {
        "type": "github",
        "url": "https://github.com/sponsors/tannerlinsley"
      }
    },
    "node_modules/@tanstack/query-persist-client-core": {
      "version": "5.91.4",
      "resolved": "https://registry.npmjs.org/@tanstack/query-persist-client-core/-/query-persist-client-core-5.91.4.tgz",
      "integrity": "sha512-HZ8kvAbhttLZKUO4ASHl49u7dQXzRVEogi7/6CCZ5BBItWh2hoEUqy9QHUS4ji7iZiuXe4jwTJNzq2VIuxlnsQ==",
      "license": "MIT",
      "dependencies": {
        "@tanstack/query-core": "5.90.5"
      },
      "funding": {
        "type": "github",
        "url": "https://github.com/sponsors/tannerlinsley"
      }
    },
    "node_modules/@tanstack/query-sync-storage-persister": {
      "version": "5.90.7",
      "resolved": "https://registry.npmjs.org/@tanstack/query-sync-storage-persister/-/query-sync-storage-persister-5.90.7.tgz",
      "integrity": "sha512-Go4QSOv0wz5RNaJR54wvCp5D+mVUBYidKTYj4zvUU8GGkLxL1E+yx0lBkGNvfRmFRjdgWrJb5XS+0Clc5tKzpQ==",
      "license": "MIT",
      "dependencies": {
        "@tanstack/query-core": "5.90.5",
        "@tanstack/query-persist-client-core": "5.91.4"
      },
      "funding": {
        "type": "github",
        "url": "https://github.com/sponsors/tannerlinsley"
      }
    },
    "node_modules/@tanstack/react-query": {
      "version": "5.90.5",
      "resolved": "https://registry.npmjs.org/@tanstack/react-query/-/react-query-5.90.5.tgz",
      "integrity": "sha512-pN+8UWpxZkEJ/Rnnj2v2Sxpx1WFlaa9L6a4UO89p6tTQbeo+m0MS8oYDjbggrR8QcTyjKoYWKS3xJQGr3ExT8Q==",
      "license": "MIT",
      "peer": true,
      "dependencies": {
        "@tanstack/query-core": "5.90.5"
      },
      "funding": {
        "type": "github",
        "url": "https://github.com/sponsors/tannerlinsley"
      },
      "peerDependencies": {
        "react": "^18 || ^19"
      }
    },
    "node_modules/@tanstack/react-query-persist-client": {
      "version": "5.90.7",
      "resolved": "https://registry.npmjs.org/@tanstack/react-query-persist-client/-/react-query-persist-client-5.90.7.tgz",
      "integrity": "sha512-TlEzewa4YN51ZhbLZ9HzIBTY/b1K7xFJGSm1cUCE+tNnzSUwiLWhoD6H7EvgWb/KJePYDIJ3hGWLwQPdP86fmA==",
      "license": "MIT",
      "dependencies": {
        "@tanstack/query-persist-client-core": "5.91.4"
      },
      "funding": {
        "type": "github",
        "url": "https://github.com/sponsors/tannerlinsley"
      },
      "peerDependencies": {
        "@tanstack/react-query": "^5.90.5",
        "react": "^18 || ^19"
      }
    },
    "node_modules/react": {
      "version": "19.2.0",
      "resolved": "https://registry.npmjs.org/react/-/react-19.2.0.tgz",
      "integrity": "sha512-tmbWg6W31tQLeB5cdIBOicJDJRR2KzXsV7uSK9iNfLWQ5bIZfxuPEHp7M8wiHyHnn0DD1i7w3Zmin0FtkrwoCQ==",
      "license": "MIT",
      "peer": true,
      "engines": {
        "node": ">=0.10.0"
      }
    }
  }
}
